
Microsoft Visual Studio Solution File, Format Version 12.00
# Visual Studio Version 17
VisualStudioVersion = 17.8.34525.116
MinimumVisualStudioVersion = 10.0.40219.1
Project("{FAE04EC0-301F-11D3-BF4B-00C04F79EFBC}") = "ConsoleApp4", "ConsoleApp4.csproj", "{33101F6A-8C56-4D57-9791-4B0E350882D3}"
EndProject
Global
	GlobalSection(SolutionConfigurationPlatforms) = preSolution
		Debug|Any CPU = Debug|Any CPU
		Release|Any CPU = Release|Any CPU
	EndGlobalSection
	GlobalSection(ProjectConfigurationPlatforms) = postSolution
		{33101F6A-8C56-4D57-9791-4B0E350882D3}.Debug|Any CPU.ActiveCfg = Debug|Any CPU
		{33101F6A-8C56-4D57-9791-4B0E350882D3}.Debug|Any CPU.Build.0 = Debug|Any CPU
		{33101F6A-8C56-4D57-9791-4B0E350882D3}.Release|Any CPU.ActiveCfg = Release|Any CPU
		{33101F6A-8C56-4D57-9791-4B0E350882D3}.Release|Any CPU.Build.0 = Release|Any CPU
	EndGlobalSection
	GlobalSection(SolutionProperties) = preSolution
		HideSolutionNode = FALSE
	EndGlobalSection
	GlobalSection(ExtensibilityGlobals) = postSolution
		SolutionGuid = {9021A193-B7EC-4460-B0F7-7843E9EC4F5A}
	EndGlobalSection
EndGlobal
